github.com/mrod502/go-cache v1.3.0 h1:1265Eaqvbx4LQCUWcjOIBBhasgiF7LSB439eUK2QVmY=
github.com/mrod502/go-cache v1.3.0/go.mod h1:NrCaz6/Mvk0O6rgl3HvSTySymy57d/jMVxe27U/QtMU=
github.com/mrod502/htmlmarshal v0.0.0-20210925120059-61a02b6982fc h1:IcTbPMLPcEfi9p5pJohfLQqtd9bFVY4eS68PthCqy+c=
github.com/mrod502/htmlmarshal v0.0.0-20210925120059-61a02b6982fc/go.mod h1:GEX/Tvw5np8naNN8UBiXYtauPh9ByPGWikhty9wPdAQ=
golang.org/x/net v0.1.0 h1:hZ/3BUoy5aId7sCpA/Tc5lt8DkFgdVS2onTpJsZ/fl0=
golang.org/x/net v0.1.0/go.mod h1:Cx3nUiGt4eDBEyega/BKRp+/AlGL8hYe7U9odMt2Cco=
